
Microsoft Visual Studio Solution File, Format Version 12.00
# Visual Studio Version 17
VisualStudioVersion = 17.9.34714.143
MinimumVisualStudioVersion = 10.0.40219.1
Project("{FAE04EC0-301F-11D3-BF4B-00C04F79EFBC}") = "Task9", "Task9.csproj", "{B91C5E3D-0FD3-4D9E-A244-660B463E9647}"
EndProject
Global
	GlobalSection(SolutionConfigurationPlatforms) = preSolution
		Debug|Any CPU = Debug|Any CPU
		Release|Any CPU = Release|Any CPU
	EndGlobalSection
	GlobalSection(ProjectConfigurationPlatforms) = postSolution
		{B91C5E3D-0FD3-4D9E-A244-660B463E9647}.Debug|Any CPU.ActiveCfg = Debug|Any CPU
		{B91C5E3D-0FD3-4D9E-A244-660B463E9647}.Debug|Any CPU.Build.0 = Debug|Any CPU
		{B91C5E3D-0FD3-4D9E-A244-660B463E9647}.Release|Any CPU.ActiveCfg = Release|Any CPU
		{B91C5E3D-0FD3-4D9E-A244-660B463E9647}.Release|Any CPU.Build.0 = Release|Any CPU
	EndGlobalSection
	GlobalSection(SolutionProperties) = preSolution
		HideSolutionNode = FALSE
	EndGlobalSection
	GlobalSection(ExtensibilityGlobals) = postSolution
		SolutionGuid = {E20BC33D-3ABA-434A-A795-87BC54DAADF6}
	EndGlobalSection
EndGlobal
