
Microsoft Visual Studio Solution File, Format Version 12.00
# Visual Studio Version 17
VisualStudioVersion = 17.6.33829.357
MinimumVisualStudioVersion = 10.0.40219.1
Project("{FAE04EC0-301F-11D3-BF4B-00C04F79EFBC}") = "Test1", "Test1\Test1.csproj", "{E6B15C4D-BECC-4B84-A857-E8467EA639DA}"
EndProject
Global
	GlobalSection(SolutionConfigurationPlatforms) = preSolution
		Debug|Any CPU = Debug|Any CPU
		Release|Any CPU = Release|Any CPU
	EndGlobalSection
	GlobalSection(ProjectConfigurationPlatforms) = postSolution
		{E6B15C4D-BECC-4B84-A857-E8467EA639DA}.Debug|Any CPU.ActiveCfg = Debug|Any CPU
		{E6B15C4D-BECC-4B84-A857-E8467EA639DA}.Debug|Any CPU.Build.0 = Debug|Any CPU
		{E6B15C4D-BECC-4B84-A857-E8467EA639DA}.Release|Any CPU.ActiveCfg = Release|Any CPU
		{E6B15C4D-BECC-4B84-A857-E8467EA639DA}.Release|Any CPU.Build.0 = Release|Any CPU
	EndGlobalSection
	GlobalSection(SolutionProperties) = preSolution
		HideSolutionNode = FALSE
	EndGlobalSection
	GlobalSection(ExtensibilityGlobals) = postSolution
		SolutionGuid = {4EA3FEE0-752F-4603-B47E-37BA0BAF7EE4}
	EndGlobalSection
EndGlobal
