
Microsoft Visual Studio Solution File, Format Version 12.00
# Visual Studio Version 17
VisualStudioVersion = 17.6.33829.357
MinimumVisualStudioVersion = 10.0.40219.1
Project("{FAE04EC0-301F-11D3-BF4B-00C04F79EFBC}") = "Test2", "Test2.csproj", "{045DDF42-081C-430B-902F-9DFFE6B3F75F}"
EndProject
Global
	GlobalSection(SolutionConfigurationPlatforms) = preSolution
		Debug|Any CPU = Debug|Any CPU
		Release|Any CPU = Release|Any CPU
	EndGlobalSection
	GlobalSection(ProjectConfigurationPlatforms) = postSolution
		{045DDF42-081C-430B-902F-9DFFE6B3F75F}.Debug|Any CPU.ActiveCfg = Debug|Any CPU
		{045DDF42-081C-430B-902F-9DFFE6B3F75F}.Debug|Any CPU.Build.0 = Debug|Any CPU
		{045DDF42-081C-430B-902F-9DFFE6B3F75F}.Release|Any CPU.ActiveCfg = Release|Any CPU
		{045DDF42-081C-430B-902F-9DFFE6B3F75F}.Release|Any CPU.Build.0 = Release|Any CPU
	EndGlobalSection
	GlobalSection(SolutionProperties) = preSolution
		HideSolutionNode = FALSE
	EndGlobalSection
	GlobalSection(ExtensibilityGlobals) = postSolution
		SolutionGuid = {DFD20989-C1D8-4B6C-BC96-7E5AA4314ED0}
	EndGlobalSection
EndGlobal
